
Microsoft Visual Studio Solution File, Format Version 12.00
# Visual Studio Version 17
VisualStudioVersion = 17.11.35222.181
MinimumVisualStudioVersion = 10.0.40219.1
Project("{FAE04EC0-301F-11D3-BF4B-00C04F79EFBC}") = "SistemaGestionWebApi", "SistemaGestionWebApi.csproj", "{6FC788BC-DFBF-4296-9423-557B3F8A4C2D}"
EndProject
Project("{2150E333-8FDC-42A3-9474-1A3956D46DE8}") = "Sistema Gestion Web Api", "Sistema Gestion Web Api", "{A2C53AFB-641A-45BB-9E39-E702BE1CF321}"
EndProject
Global
	GlobalSection(SolutionConfigurationPlatforms) = preSolution
		Debug|Any CPU = Debug|Any CPU
		Release|Any CPU = Release|Any CPU
	EndGlobalSection
	GlobalSection(ProjectConfigurationPlatforms) = postSolution
		{6FC788BC-DFBF-4296-9423-557B3F8A4C2D}.Debug|Any CPU.ActiveCfg = Debug|Any CPU
		{6FC788BC-DFBF-4296-9423-557B3F8A4C2D}.Debug|Any CPU.Build.0 = Debug|Any CPU
		{6FC788BC-DFBF-4296-9423-557B3F8A4C2D}.Release|Any CPU.ActiveCfg = Release|Any CPU
		{6FC788BC-DFBF-4296-9423-557B3F8A4C2D}.Release|Any CPU.Build.0 = Release|Any CPU
	EndGlobalSection
	GlobalSection(SolutionProperties) = preSolution
		HideSolutionNode = FALSE
	EndGlobalSection
	GlobalSection(NestedProjects) = preSolution
		{6FC788BC-DFBF-4296-9423-557B3F8A4C2D} = {A2C53AFB-641A-45BB-9E39-E702BE1CF321}
	EndGlobalSection
	GlobalSection(ExtensibilityGlobals) = postSolution
		SolutionGuid = {4676996B-61ED-461C-8611-CFE974D1713D}
	EndGlobalSection
EndGlobal
